
Microsoft Visual Studio Solution File, Format Version 12.00
# Visual Studio Version 17
VisualStudioVersion = 17.4.33205.214
MinimumVisualStudioVersion = 10.0.40219.1
Project("{9A19103F-16F7-4668-BE54-9A1E7A4F7556}") = "duck-curve-analysis-csharp", "duck-curve-analysis-csharp.csproj", "{69D65358-55CB-4B14-A436-F63B796DECCE}"
EndProject
Global
	GlobalSection(SolutionConfigurationPlatforms) = preSolution
		Debug|Any CPU = Debug|Any CPU
		Release|Any CPU = Release|Any CPU
	EndGlobalSection
	GlobalSection(ProjectConfigurationPlatforms) = postSolution
		{69D65358-55CB-4B14-A436-F63B796DECCE}.Debug|Any CPU.ActiveCfg = Debug|Any CPU
		{69D65358-55CB-4B14-A436-F63B796DECCE}.Debug|Any CPU.Build.0 = Debug|Any CPU
		{69D65358-55CB-4B14-A436-F63B796DECCE}.Release|Any CPU.ActiveCfg = Release|Any CPU
		{69D65358-55CB-4B14-A436-F63B796DECCE}.Release|Any CPU.Build.0 = Release|Any CPU
	EndGlobalSection
	GlobalSection(SolutionProperties) = preSolution
		HideSolutionNode = FALSE
	EndGlobalSection
	GlobalSection(ExtensibilityGlobals) = postSolution
		SolutionGuid = {98FBD7A6-452F-4A1C-8A23-6652DA575152}
	EndGlobalSection
EndGlobal
